
Microsoft Visual Studio Solution File, Format Version 12.00
# Visual Studio Version 16
VisualStudioVersion = 25.0.1703.0
MinimumVisualStudioVersion = 10.0.40219.1
Project("{FAE04EC0-301F-11D3-BF4B-00C04F79EFBC}") = "ElasticWeb", "ElasticWeb\ElasticWeb.csproj", "{1B73F946-3513-4A7C-BE94-E90ECD07C101}"
EndProject
Global
	GlobalSection(SolutionConfigurationPlatforms) = preSolution
		Debug|Any CPU = Debug|Any CPU
		Release|Any CPU = Release|Any CPU
	EndGlobalSection
	GlobalSection(ProjectConfigurationPlatforms) = postSolution
		{1B73F946-3513-4A7C-BE94-E90ECD07C101}.Debug|Any CPU.ActiveCfg = Debug|Any CPU
		{1B73F946-3513-4A7C-BE94-E90ECD07C101}.Debug|Any CPU.Build.0 = Debug|Any CPU
		{1B73F946-3513-4A7C-BE94-E90ECD07C101}.Release|Any CPU.ActiveCfg = Release|Any CPU
		{1B73F946-3513-4A7C-BE94-E90ECD07C101}.Release|Any CPU.Build.0 = Release|Any CPU
	EndGlobalSection
	GlobalSection(SolutionProperties) = preSolution
		HideSolutionNode = FALSE
	EndGlobalSection
	GlobalSection(ExtensibilityGlobals) = postSolution
		SolutionGuid = {0E99EFBD-593F-411F-A0E6-6C9B83348401}
	EndGlobalSection
EndGlobal
